{
  "name": "typescript_hacks",
  "version": "1.0.0",
  "lockfileVersion": 1,
  "requires": true,
  "dependencies": {
    "@types/node": {
      "version": "14.14.20",
      "resolved": "https://registry.npmjs.org/@types/node/-/node-14.14.20.tgz",
      "integrity": "sha512-Y93R97Ouif9JEOWPIUyU+eyIdyRqQR0I8Ez1dzku4hDx34NWh4HbtIc3WNzwB1Y9ULvNGeu5B8h8bVL5cAk4/A==",
      "dev": true
    },
    "pegjs": {
      "version": "0.10.0",
      "resolved": "https://registry.npmjs.org/pegjs/-/pegjs-0.10.0.tgz",
      "integrity": "sha1-z4uvrm7d/0tafvsYUmnqr0YQ3b0="
    },
    "ts-pegjs": {
      "version": "0.3.0",
      "resolved": "https://registry.npmjs.org/ts-pegjs/-/ts-pegjs-0.3.0.tgz",
      "integrity": "sha512-Hvcg0SXJBJ5Q3Vf7CiWU5ZNsqoh9PLBWg+rcL8xn5Q8t1iF82LEtevWUJxPGilHjfTz++31ZK9m9gVndGy5tdg==",
      "requires": {
        "pegjs": "^0.10.0"
      }
    }
  }
}
